// !$*UTF8*$!
{
	archiveVersion = 1;
	classes = {
	};
	objectVersion = 50;
	objects = {

/* Begin PBXBuildFile section */
		542A03A621E6849E00D2A21C /* AppDelegate.swift in Sources */ = {isa = PBXBuildFile; fileRef = 542A03A521E6849E00D2A21C /* AppDelegate.swift */; };
		542A03A821E6849F00D2A21C /* ViewController.swift in Sources */ = {isa = PBXBuildFile; fileRef = 542A03A721E6849F00D2A21C /* ViewController.swift */; };
		542A03AB21E6849F00D2A21C /* Main.storyboard in Resources */ = {isa = PBXBuildFile; fileRef = 542A03A921E6849F00D2A21C /* Main.storyboard */; };
		542A03AD21E684A200D2A21C /* Assets.xcassets in Resources */ = {isa = PBXBuildFile; fileRef = 542A03AC21E684A200D2A21C /* Assets.xcassets */; };
		542A03B021E684A200D2A21C /* LaunchScreen.storyboard in Resources */ = {isa = PBXBuildFile; fileRef = 542A03AE21E684A200D2A21C /* LaunchScreen.storyboard */; };
		542A03BB21E684A400D2A21C /* helloiosTests.swift in Sources */ = {isa = PBXBuildFile; fileRef = 542A03BA21E684A400D2A21C /* helloiosTests.swift */; };
		542A03C621E684A500D2A21C /* helloiosUITests.swift in Sources */ = {isa = PBXBuildFile; fileRef = 542A03C521E684A500D2A21C /* helloiosUITests.swift */; };
/* End PBXBuildFile section */

/* Begin PBXContainerItemProxy section */
		542A03B721E684A300D2A21C /* PBXContainerItemProxy */ = {
			isa = PBXContainerItemProxy;
			containerPortal = 542A039A21E6849D00D2A21C /* Project object */;
			proxyType = 1;
			remoteGlobalIDString = 542A03A121E6849D00D2A21C;
			remoteInfo = helloios;
		};
		542A03C221E684A500D2A21C /* PBXContainerItemProxy */ = {
			isa = PBXContainerItemProxy;
			containerPortal = 542A039A21E6849D00D2A21C /* Project object */;
			proxyType = 1;
			remoteGlobalIDString = 542A03A121E6849D00D2A21C;
			remoteInfo = helloios;
		};
/* End PBXContainerItemProxy section */

/* Begin PBXFileReference section */
		542A03A221E6849D00D2A21C /* helloios.app */ = {isa = PBXFileReference; explicitFileType = wrapper.application; includeInIndex = 0; path = helloios.app; sourceTree = BUILT_PRODUCTS_DIR; };
		542A03A521E6849E00D2A21C /* AppDelegate.swift */ = {isa = PBXFileReference; lastKnownFileType = sourcecode.swift; path = AppDelegate.swift; sourceTree = "<group>"; };
		542A03A721E6849F00D2A21C /* ViewController.swift */ = {isa = PBXFileReference; lastKnownFileType = sourcecode.swift; path = ViewController.swift; sourceTree = "<group>"; };
		542A03AA21E6849F00D2A21C /* Base */ = {isa = PBXFileReference; lastKnownFileType = file.storyboard; name = Base; path = Base.lproj/Main.storyboard; sourceTree = "<group>"; };
		542A03AC21E684A200D2A21C /* Assets.xcassets */ = {isa = PBXFileReference; lastKnownFileType = folder.assetcatalog; path = Assets.xcassets; sourceTree = "<group>"; };
		542A03AF21E684A200D2A21C /* Base */ = {isa = PBXFileReference; lastKnownFileType = file.storyboard; name = Base; path = Base.lproj/LaunchScreen.storyboard; sourceTree = "<group>"; };
		542A03B121E684A300D2A21C /* Info.plist */ = {isa = PBXFileReference; lastKnownFileType = text.plist.xml; path = Info.plist; sourceTree = "<group>"; };
		542A03B621E684A300D2A21C /* helloiosTests.xctest */ = {isa = PBXFileReference; explicitFileType = wrapper.cfbundle; includeInIndex = 0; path = helloiosTests.xctest; sourceTree = BUILT_PRODUCTS_DIR; };
		542A03BA21E684A400D2A21C /* helloiosTests.swift */ = {isa = PBXFileReference; lastKnownFileType = sourcecode.swift; path = helloiosTests.swift; sourceTree = "<group>"; };
		542A03BC21E684A500D2A21C /* Info.plist */ = {isa = PBXFileReference; lastKnownFileType = text.plist.xml; path = Info.plist; sourceTree = "<group>"; };
		542A03C121E684A500D2A21C /* helloiosUITests.xctest */ = {isa = PBXFileReference; explicitFileType = wrapper.cfbundle; includeInIndex = 0; path = helloiosUITests.xctest; sourceTree = BUILT_PRODUCTS_DIR; };
		542A03C521E684A500D2A21C /* helloiosUITests.swift */ = {isa = PBXFileReference; lastKnownFileType = sourcecode.swift; path = helloiosUITests.swift; sourceTree = "<group>"; };
		542A03C721E684A600D2A21C /* Info.plist */ = {isa = PBXFileReference; lastKnownFileType = text.plist.xml; path = Info.plist; sourceTree = "<group>"; };
/* End PBXFileReference section */

/* Begin PBXFrameworksBuildPhase section */
		542A039F21E6849D00D2A21C /* Frameworks */ = {
			isa = PBXFrameworksBuildPhase;
			buildActionMask = 2147483647;
			files = (
			);
			runOnlyForDeploymentPostprocessing = 0;
		};
		542A03B321E684A300D2A21C /* Frameworks */ = {
			isa = PBXFrameworksBuildPhase;
			buildActionMask = 2147483647;
			files = (
			);
			runOnlyForDeploymentPostprocessing = 0;
		};
		542A03BE21E684A500D2A21C /* Frameworks */ = {
			isa = PBXFrameworksBuildPhase;
			buildActionMask = 2147483647;
			files = (
			);
			runOnlyForDeploymentPostprocessing = 0;
		};
/* End PBXFrameworksBuildPhase section */

/* Begin PBXGroup section */
		542A039921E6849D00D2A21C = {
			isa = PBXGroup;
			children = (
				542A03A421E6849E00D2A21C /* helloios */,
				542A03B921E684A300D2A21C /* helloiosTests */,
				542A03C421E684A500D2A21C /* helloiosUITests */,
				542A03A321E6849D00D2A21C /* Products */,
			);
			sourceTree = "<group>";
		};
		542A03A321E6849D00D2A21C /* Products */ = {
			isa = PBXGroup;
			children = (
				542A03A221E6849D00D2A21C /* helloios.app */,
				542A03B621E684A300D2A21C /* helloiosTests.xctest */,
				542A03C121E684A500D2A21C /* helloiosUITests.xctest */,
			);
			name = Products;
			sourceTree = "<group>";
		};
		542A03A421E6849E00D2A21C /* helloios */ = {
			isa = PBXGroup;
			children = (
				542A03A521E6849E00D2A21C /* AppDelegate.swift */,
				542A03A721E6849F00D2A21C /* ViewController.swift */,
				542A03A921E6849F00D2A21C /* Main.storyboard */,
				542A03AC21E684A200D2A21C /* Assets.xcassets */,
				542A03AE21E684A200D2A21C /* LaunchScreen.storyboard */,
				542A03B121E684A300D2A21C /* Info.plist */,
			);
			path = helloios;
			sourceTree = "<group>";
		};
		542A03B921E684A300D2A21C /* helloiosTests */ = {
			isa = PBXGroup;
			children = (
				542A03BA21E684A400D2A21C /* helloiosTests.swift */,
				542A03BC21E684A500D2A21C /* Info.plist */,
			);
			path = helloiosTests;
			sourceTree = "<group>";
		};
		542A03C421E684A500D2A21C /* helloiosUITests */ = {
			isa = PBXGroup;
			children = (
				542A03C521E684A500D2A21C /* helloiosUITests.swift */,
				542A03C721E684A600D2A21C /* Info.plist */,
			);
			path = helloiosUITests;
			sourceTree = "<group>";
		};
/* End PBXGroup section */

/* Begin PBXNativeTarget section */
		542A03A121E6849D00D2A21C /* helloios */ = {
			isa = PBXNativeTarget;
			buildConfigurationList = 542A03CA21E684A600D2A21C /* Build configuration list for PBXNativeTarget "helloios" */;
			buildPhases = (
				542A039E21E6849D00D2A21C /* Sources */,
				542A039F21E6849D00D2A21C /* Frameworks */,
				542A03A021E6849D00D2A21C /* Resources */,
			);
			buildRules = (
			);
			dependencies = (
			);
			name = helloios;
			productName = helloios;
			productReference = 542A03A221E6849D00D2A21C /* helloios.app */;
			productType = "com.apple.product-type.application";
		};
		542A03B521E684A300D2A21C /* helloiosTests */ = {
			isa = PBXNativeTarget;
			buildConfigurationList = 542A03CD21E684A600D2A21C /* Build configuration list for PBXNativeTarget "helloiosTests" */;
			buildPhases = (
				542A03B221E684A300D2A21C /* Sources */,
				542A03B321E684A300D2A21C /* Frameworks */,
				542A03B421E684A300D2A21C /* Resources */,
			);
			buildRules = (
			);
			dependencies = (
				542A03B821E684A300D2A21C /* PBXTargetDependency */,
			);
			name = helloiosTests;
			productName = helloiosTests;
			productReference = 542A03B621E684A300D2A21C /* helloiosTests.xctest */;
			productType = "com.apple.product-type.bundle.unit-test";
		};
		542A03C021E684A500D2A21C /* helloiosUITests */ = {
			isa = PBXNativeTarget;
			buildConfigurationList = 542A03D021E684A600D2A21C /* Build configuration list for PBXNativeTarget "helloiosUITests" */;
			buildPhases = (
				542A03BD21E684A500D2A21C /* Sources */,
				542A03BE21E684A500D2A21C /* Frameworks */,
				542A03BF21E684A500D2A21C /* Resources */,
			);
			buildRules = (
			);
			dependencies = (
				542A03C321E684A500D2A21C /* PBXTargetDependency */,
			);
			name = helloiosUITests;
			productName = helloiosUITests;
			productReference = 542A03C121E684A500D2A21C /* helloiosUITests.xctest */;
			productType = "com.apple.product-type.bundle.ui-testing";
		};
/* End PBXNativeTarget section */

/* Begin PBXProject section */
		542A039A21E6849D00D2A21C /* Project object */ = {
			isa = PBXProject;
			attributes = {
				LastSwiftUpdateCheck = 1010;
				LastUpgradeCheck = 1010;
				ORGANIZATIONNAME = "Chaitanya Gangavarapu";
				TargetAttributes = {
					542A03A121E6849D00D2A21C = {
						CreatedOnToolsVersion = 10.1;
					};
					542A03B521E684A300D2A21C = {
						CreatedOnToolsVersion = 10.1;
						TestTargetID = 542A03A121E6849D00D2A21C;
					};
					542A03C021E684A500D2A21C = {
						CreatedOnToolsVersion = 10.1;
						TestTargetID = 542A03A121E6849D00D2A21C;
					};
				};
			};
			buildConfigurationList = 542A039D21E6849D00D2A21C /* Build configuration list for PBXProject "helloios" */;
			compatibilityVersion = "Xcode 9.3";
			developmentRegion = en;
			hasScannedForEncodings = 0;
			knownRegions = (
				en,
				Base,
			);
			mainGroup = 542A039921E6849D00D2A21C;
			productRefGroup = 542A03A321E6849D00D2A21C /* Products */;
			projectDirPath = "";
			projectRoot = "";
			targets = (
				542A03A121E6849D00D2A21C /* helloios */,
				542A03B521E684A300D2A21C /* helloiosTests */,
				542A03C021E684A500D2A21C /* helloiosUITests */,
			);
		};
/* End PBXProject section */

/* Begin PBXResourcesBuildPhase section */
		542A03A021E6849D00D2A21C /* Resources */ = {
			isa = PBXResourcesBuildPhase;
			buildActionMask = 2147483647;
			files = (
				542A03B021E684A200D2A21C /* LaunchScreen.storyboard in Resources */,
				542A03AD21E684A200D2A21C /* Assets.xcassets in Resources */,
				542A03AB21E6849F00D2A21C /* Main.storyboard in Resources */,
			);
			runOnlyForDeploymentPostprocessing = 0;
		};
		542A03B421E684A300D2A21C /* Resources */ = {
			isa = PBXResourcesBuildPhase;
			buildActionMask = 2147483647;
			files = (
			);
			runOnlyForDeploymentPostprocessing = 0;
		};
		542A03BF21E684A500D2A21C /* Resources */ = {
			isa = PBXResourcesBuildPhase;
			buildActionMask = 2147483647;
			files = (
			);
			runOnlyForDeploymentPostprocessing = 0;
		};
/* End PBXResourcesBuildPhase section */

/* Begin PBXSourcesBuildPhase section */
		542A039E21E6849D00D2A21C /* Sources */ = {
			isa = PBXSourcesBuildPhase;
			buildActionMask = 2147483647;
			files = (
				542A03A821E6849F00D2A21C /* ViewController.swift in Sources */,
				542A03A621E6849E00D2A21C /* AppDelegate.swift in Sources */,
			);
			runOnlyForDeploymentPostprocessing = 0;
		};
		542A03B221E684A300D2A21C /* Sources */ = {
			isa = PBXSourcesBuildPhase;
			buildActionMask = 2147483647;
			files = (
				542A03BB21E684A400D2A21C /* helloiosTests.swift in Sources */,
			);
			runOnlyForDeploymentPostprocessing = 0;
		};
		542A03BD21E684A500D2A21C /* Sources */ = {
			isa = PBXSourcesBuildPhase;
			buildActionMask = 2147483647;
			files = (
				542A03C621E684A500D2A21C /* helloiosUITests.swift in Sources */,
			);
			runOnlyForDeploymentPostprocessing = 0;
		};
/* End PBXSourcesBuildPhase section */

/* Begin PBXTargetDependency section */
		542A03B821E684A300D2A21C /* PBXTargetDependency */ = {
			isa = PBXTargetDependency;
			target = 542A03A121E6849D00D2A21C /* helloios */;
			targetProxy = 542A03B721E684A300D2A21C /* PBXContainerItemProxy */;
		};
		542A03C321E684A500D2A21C /* PBXTargetDependency */ = {
			isa = PBXTargetDependency;
			target = 542A03A121E6849D00D2A21C /* helloios */;
			targetProxy = 542A03C221E684A500D2A21C /* PBXContainerItemProxy */;
		};
/* End PBXTargetDependency section */

/* Begin PBXVariantGroup section */
		542A03A921E6849F00D2A21C /* Main.storyboard */ = {
			isa = PBXVariantGroup;
			children = (
				542A03AA21E6849F00D2A21C /* Base */,
			);
			name = Main.storyboard;
			sourceTree = "<group>";
		};
		542A03AE21E684A200D2A21C /* LaunchScreen.storyboard */ = {
			isa = PBXVariantGroup;
			children = (
				542A03AF21E684A200D2A21C /* Base */,
			);
			name = LaunchScreen.storyboard;
			sourceTree = "<group>";
		};
/* End PBXVariantGroup section */

/* Begin XCBuildConfiguration section */
		542A03C821E684A600D2A21C /* Debug */ = {
			isa = XCBuildConfiguration;
			buildSettings = {
				ALWAYS_SEARCH_USER_PATHS = NO;
				CLANG_ANALYZER_NONNULL = YES;
				CLANG_ANALYZER_NUMBER_OBJECT_CONVERSION = YES_AGGRESSIVE;
				CLANG_CXX_LANGUAGE_STANDARD = "gnu++14";
				CLANG_CXX_LIBRARY = "libc++";
				CLANG_ENABLE_MODULES = YES;
				CLANG_ENABLE_OBJC_ARC = YES;
				CLANG_ENABLE_OBJC_WEAK = YES;
				CLANG_WARN_BLOCK_CAPTURE_AUTORELEASING = YES;
				CLANG_WARN_BOOL_CONVERSION = YES;
				CLANG_WARN_COMMA = YES;
				CLANG_WARN_CONSTANT_CONVERSION = YES;
				CLANG_WARN_DEPRECATED_OBJC_IMPLEMENTATIONS = YES;
				CLANG_WARN_DIRECT_OBJC_ISA_USAGE = YES_ERROR;
				CLANG_WARN_DOCUMENTATION_COMMENTS = YES;
				CLANG_WARN_EMPTY_BODY = YES;
				CLANG_WARN_ENUM_CONVERSION = YES;
				CLANG_WARN_INFINITE_RECURSION = YES;
				CLANG_WARN_INT_CONVERSION = YES;
				CLANG_WARN_NON_LITERAL_NULL_CONVERSION = YES;
				CLANG_WARN_OBJC_IMPLICIT_RETAIN_SELF = YES;
				CLANG_WARN_OBJC_LITERAL_CONVERSION = YES;
				CLANG_WARN_OBJC_ROOT_CLASS = YES_ERROR;
				CLANG_WARN_RANGE_LOOP_ANALYSIS = YES;
				CLANG_WARN_STRICT_PROTOTYPES = YES;
				CLANG_WARN_SUSPICIOUS_MOVE = YES;
				CLANG_WARN_UNGUARDED_AVAILABILITY = YES_AGGRESSIVE;
				CLANG_WARN_UNREACHABLE_CODE = YES;
				CLANG_WARN__DUPLICATE_METHOD_MATCH = YES;
				CODE_SIGN_IDENTITY = "iPhone Developer";
				COPY_PHASE_STRIP = NO;
				DEBUG_INFORMATION_FORMAT = dwarf;
				ENABLE_STRICT_OBJC_MSGSEND = YES;
				ENABLE_TESTABILITY = YES;
				GCC_C_LANGUAGE_STANDARD = gnu11;
				GCC_DYNAMIC_NO_PIC = NO;
				GCC_NO_COMMON_BLOCKS = YES;
				GCC_OPTIMIZATION_LEVEL = 0;
				GCC_PREPROCESSOR_DEFINITIONS = (
					"DEBUG=1",
					"$(inherited)",
				);
				GCC_WARN_64_TO_32_BIT_CONVERSION = YES;
				GCC_WARN_ABOUT_RETURN_TYPE = YES_ERROR;
				GCC_WARN_UNDECLARED_SELECTOR = YES;
				GCC_WARN_UNINITIALIZED_AUTOS = YES_AGGRESSIVE;
				GCC_WARN_UNUSED_FUNCTION = YES;
				GCC_WARN_UNUSED_VARIABLE = YES;
				IPHONEOS_DEPLOYMENT_TARGET = 12.1;
				MTL_ENABLE_DEBUG_INFO = INCLUDE_SOURCE;
				MTL_FAST_MATH = YES;
				ONLY_ACTIVE_ARCH = YES;
				SDKROOT = iphoneos;
				SWIFT_ACTIVE_COMPILATION_CONDITIONS = DEBUG;
				SWIFT_OPTIMIZATION_LEVEL = "-Onone";
			};
			name = Debug;
		};
		542A03C921E684A600D2A21C /* Release */ = {
			isa = XCBuildConfiguration;
			buildSettings = {
				ALWAYS_SEARCH_USER_PATHS = NO;
				CLANG_ANALYZER_NONNULL = YES;
				CLANG_ANALYZER_NUMBER_OBJECT_CONVERSION = YES_AGGRESSIVE;
				CLANG_CXX_LANGUAGE_STANDARD = "gnu++14";
				CLANG_CXX_LIBRARY = "libc++";
				CLANG_ENABLE_MODULES = YES;
				CLANG_ENABLE_OBJC_ARC = YES;
				CLANG_ENABLE_OBJC_WEAK = YES;
				CLANG_WARN_BLOCK_CAPTURE_AUTORELEASING = YES;
				CLANG_WARN_BOOL_CONVERSION = YES;
				CLANG_WARN_COMMA = YES;
				CLANG_WARN_CONSTANT_CONVERSION = YES;
				CLANG_WARN_DEPRECATED_OBJC_IMPLEMENTATIONS = YES;
				CLANG_WARN_DIRECT_OBJC_ISA_USAGE = YES_ERROR;
				CLANG_WARN_DOCUMENTATION_COMMENTS = YES;
				CLANG_WARN_EMPTY_BODY = YES;
				CLANG_WARN_ENUM_CONVERSION = YES;
				CLANG_WARN_INFINITE_RECURSION = YES;
				CLANG_WARN_INT_CONVERSION = YES;
				CLANG_WARN_NON_LITERAL_NULL_CONVERSION = YES;
				CLANG_WARN_OBJC_IMPLICIT_RETAIN_SELF = YES;
				CLANG_WARN_OBJC_LITERAL_CONVERSION = YES;
				CLANG_WARN_OBJC_ROOT_CLASS = YES_ERROR;
				CLANG_WARN_RANGE_LOOP_ANALYSIS = YES;
				CLANG_WARN_STRICT_PROTOTYPES = YES;
				CLANG_WARN_SUSPICIOUS_MOVE = YES;
				CLANG_WARN_UNGUARDED_AVAILABILITY = YES_AGGRESSIVE;
				CLANG_WARN_UNREACHABLE_CODE = YES;
				CLANG_WARN__DUPLICATE_METHOD_MATCH = YES;
				CODE_SIGN_IDENTITY = "iPhone Developer";
				COPY_PHASE_STRIP = NO;
				DEBUG_INFORMATION_FORMAT = "dwarf-with-dsym";
				ENABLE_NS_ASSERTIONS = NO;
				ENABLE_STRICT_OBJC_MSGSEND = YES;
				GCC_C_LANGUAGE_STANDARD = gnu11;
				GCC_NO_COMMON_BLOCKS = YES;
				GCC_WARN_64_TO_32_BIT_CONVERSION = YES;
				GCC_WARN_ABOUT_RETURN_TYPE = YES_ERROR;
				GCC_WARN_UNDECLARED_SELECTOR = YES;
				GCC_WARN_UNINITIALIZED_AUTOS = YES_AGGRESSIVE;
				GCC_WARN_UNUSED_FUNCTION = YES;
				GCC_WARN_UNUSED_VARIABLE = YES;
				IPHONEOS_DEPLOYMENT_TARGET = 12.1;
				MTL_ENABLE_DEBUG_INFO = NO;
				MTL_FAST_MATH = YES;
				SDKROOT = iphoneos;
				SWIFT_COMPILATION_MODE = wholemodule;
				SWIFT_OPTIMIZATION_LEVEL = "-O";
				VALIDATE_PRODUCT = YES;
			};
			name = Release;
		};
		542A03CB21E684A600D2A21C /* Debug */ = {
			isa = XCBuildConfiguration;
			buildSettings = {
				ASSETCATALOG_COMPILER_APPICON_NAME = AppIcon;
				CODE_SIGN_STYLE = Automatic;
				INFOPLIST_FILE = helloios/Info.plist;
				LD_RUNPATH_SEARCH_PATHS = (
					"$(inherited)",
					"@executable_path/Frameworks",
				);
				PRODUCT_BUNDLE_IDENTIFIER = com.Chai.helloios;
				PRODUCT_NAME = "$(TARGET_NAME)";
				SWIFT_VERSION = 4.2;
				TARGETED_DEVICE_FAMILY = "1,2";
			};
			name = Debug;
		};
		542A03CC21E684A600D2A21C /* Release */ = {
			isa = XCBuildConfiguration;
			buildSettings = {
				ASSETCATALOG_COMPILER_APPICON_NAME = AppIcon;
				CODE_SIGN_STYLE = Automatic;
				INFOPLIST_FILE = helloios/Info.plist;
				LD_RUNPATH_SEARCH_PATHS = (
					"$(inherited)",
					"@executable_path/Frameworks",
				);
				PRODUCT_BUNDLE_IDENTIFIER = com.Chai.helloios;
				PRODUCT_NAME = "$(TARGET_NAME)";
				SWIFT_VERSION = 4.2;
				TARGETED_DEVICE_FAMILY = "1,2";
			};
			name = Release;
		};
		542A03CE21E684A600D2A21C /* Debug */ = {
			isa = XCBuildConfiguration;
			buildSettings = {
				ALWAYS_EMBED_SWIFT_STANDARD_LIBRARIES = YES;
				BUNDLE_LOADER = "$(TEST_HOST)";
				CODE_SIGN_STYLE = Automatic;
				INFOPLIST_FILE = helloiosTests/Info.plist;
				LD_RUNPATH_SEARCH_PATHS = (
					"$(inherited)",
					"@executable_path/Frameworks",
					"@loader_path/Frameworks",
				);
				PRODUCT_BUNDLE_IDENTIFIER = com.Chai.helloiosTests;
				PRODUCT_NAME = "$(TARGET_NAME)";
				SWIFT_VERSION = 4.2;
				TARGETED_DEVICE_FAMILY = "1,2";
				TEST_HOST = "$(BUILT_PRODUCTS_DIR)/helloios.app/helloios";
			};
			name = Debug;
		};
		542A03CF21E684A600D2A21C /* Release */ = {
			isa = XCBuildConfiguration;
			buildSettings = {
				ALWAYS_EMBED_SWIFT_STANDARD_LIBRARIES = YES;
				BUNDLE_LOADER = "$(TEST_HOST)";
				CODE_SIGN_STYLE = Automatic;
				INFOPLIST_FILE = helloiosTests/Info.plist;
				LD_RUNPATH_SEARCH_PATHS = (
					"$(inherited)",
					"@executable_path/Frameworks",
					"@loader_path/Frameworks",
				);
				PRODUCT_BUNDLE_IDENTIFIER = com.Chai.helloiosTests;
				PRODUCT_NAME = "$(TARGET_NAME)";
				SWIFT_VERSION = 4.2;
				TARGETED_DEVICE_FAMILY = "1,2";
				TEST_HOST = "$(BUILT_PRODUCTS_DIR)/helloios.app/helloios";
			};
			name = Release;
		};
		542A03D121E684A600D2A21C /* Debug */ = {
			isa = XCBuildConfiguration;
			buildSettings = {
				ALWAYS_EMBED_SWIFT_STANDARD_LIBRARIES = YES;
				CODE_SIGN_STYLE = Automatic;
				INFOPLIST_FILE = helloiosUITests/Info.plist;
				LD_RUNPATH_SEARCH_PATHS = (
					"$(inherited)",
					"@executable_path/Frameworks",
					"@loader_path/Frameworks",
				);
				PRODUCT_BUNDLE_IDENTIFIER = com.Chai.helloiosUITests;
				PRODUCT_NAME = "$(TARGET_NAME)";
				SWIFT_VERSION = 4.2;
				TARGETED_DEVICE_FAMILY = "1,2";
				TEST_TARGET_NAME = helloios;
			};
			name = Debug;
		};
		542A03D221E684A600D2A21C /* Release */ = {
			isa = XCBuildConfiguration;
			buildSettings = {
				ALWAYS_EMBED_SWIFT_STANDARD_LIBRARIES = YES;
				CODE_SIGN_STYLE = Automatic;
				INFOPLIST_FILE = helloiosUITests/Info.plist;
				LD_RUNPATH_SEARCH_PATHS = (
					"$(inherited)",
					"@executable_path/Frameworks",
					"@loader_path/Frameworks",
				);
				PRODUCT_BUNDLE_IDENTIFIER = com.Chai.helloiosUITests;
				PRODUCT_NAME = "$(TARGET_NAME)";
				SWIFT_VERSION = 4.2;
				TARGETED_DEVICE_FAMILY = "1,2";
				TEST_TARGET_NAME = helloios;
			};
			name = Release;
		};
/* End XCBuildConfiguration section */

/* Begin XCConfigurationList section */
		542A039D21E6849D00D2A21C /* Build configuration list for PBXProject "helloios" */ = {
			isa = XCConfigurationList;
			buildConfigurations = (
				542A03C821E684A600D2A21C /* Debug */,
				542A03C921E684A600D2A21C /* Release */,
			);
			defaultConfigurationIsVisible = 0;
			defaultConfigurationName = Release;
		};
		542A03CA21E684A600D2A21C /* Build configuration list for PBXNativeTarget "helloios" */ = {
			isa = XCConfigurationList;
			buildConfigurations = (
				542A03CB21E684A600D2A21C /* Debug */,
				542A03CC21E684A600D2A21C /* Release */,
			);
			defaultConfigurationIsVisible = 0;
			defaultConfigurationName = Release;
		};
		542A03CD21E684A600D2A21C /* Build configuration list for PBXNativeTarget "helloiosTests" */ = {
			isa = XCConfigurationList;
			buildConfigurations = (
				542A03CE21E684A600D2A21C /* Debug */,
				542A03CF21E684A600D2A21C /* Release */,
			);
			defaultConfigurationIsVisible = 0;
			defaultConfigurationName = Release;
		};
		542A03D021E684A600D2A21C /* Build configuration list for PBXNativeTarget "helloiosUITests" */ = {
			isa = XCConfigurationList;
			buildConfigurations = (
				542A03D121E684A600D2A21C /* Debug */,
				542A03D221E684A600D2A21C /* Release */,
			);
			defaultConfigurationIsVisible = 0;
			defaultConfigurationName = Release;
		};
/* End XCConfigurationList section */
	};
	rootObject = 542A039A21E6849D00D2A21C /* Project object */;
}
